
Microsoft Visual Studio Solution File, Format Version 11.00
# Visual Studio 2010
Project("{8BC9CEB8-8B4A-11D0-8D11-00A0C91BC942}") = "wmsclient", "wmsclient\wmsclient.vcxproj", "{B98CF077-C3B9-4FF6-8B3E-3303FBC88A86}"
EndProject
Global
	GlobalSection(SolutionConfigurationPlatforms) = preSolution
		Debug|Win32 = Debug|Win32
		Debug|x64 = Debug|x64
		Release|Win32 = Release|Win32
		Release|x64 = Release|x64
	EndGlobalSection
	GlobalSection(ProjectConfigurationPlatforms) = postSolution
		{B98CF077-C3B9-4FF6-8B3E-3303FBC88A86}.Debug|Win32.ActiveCfg = Debug|Win32
		{B98CF077-C3B9-4FF6-8B3E-3303FBC88A86}.Debug|Win32.Build.0 = Debug|Win32
		{B98CF077-C3B9-4FF6-8B3E-3303FBC88A86}.Debug|x64.ActiveCfg = Debug|x64
		{B98CF077-C3B9-4FF6-8B3E-3303FBC88A86}.Debug|x64.Build.0 = Debug|x64
		{B98CF077-C3B9-4FF6-8B3E-3303FBC88A86}.Release|Win32.ActiveCfg = Release|Win32
		{B98CF077-C3B9-4FF6-8B3E-3303FBC88A86}.Release|Win32.Build.0 = Release|Win32
		{B98CF077-C3B9-4FF6-8B3E-3303FBC88A86}.Release|x64.ActiveCfg = Release|x64
		{B98CF077-C3B9-4FF6-8B3E-3303FBC88A86}.Release|x64.Build.0 = Release|x64
	EndGlobalSection
	GlobalSection(SolutionProperties) = preSolution
		HideSolutionNode = FALSE
	EndGlobalSection
EndGlobal
